// !$*UTF8*$!
{
	archiveVersion = 1;
	classes = {
	};
	objectVersion = 48;
	objects = {

/* Begin PBXBuildFile section */
		6F271AA321343D2E0098305F /* AppDelegate.m in Sources */ = {isa = PBXBuildFile; fileRef = 6F271AA221343D2E0098305F /* AppDelegate.m */; };
		6F271AA621343D2E0098305F /* FirstViewController.m in Sources */ = {isa = PBXBuildFile; fileRef = 6F271AA521343D2E0098305F /* FirstViewController.m */; };
		6F271AA921343D2E0098305F /* SecondViewController.m in Sources */ = {isa = PBXBuildFile; fileRef = 6F271AA821343D2E0098305F /* SecondViewController.m */; };
		6F271AAC21343D2E0098305F /* Main.storyboard in Resources */ = {isa = PBXBuildFile; fileRef = 6F271AAA21343D2E0098305F /* Main.storyboard */; };
		6F271AAE21343D2E0098305F /* Assets.xcassets in Resources */ = {isa = PBXBuildFile; fileRef = 6F271AAD21343D2E0098305F /* Assets.xcassets */; };
		6F271AB121343D2E0098305F /* LaunchScreen.storyboard in Resources */ = {isa = PBXBuildFile; fileRef = 6F271AAF21343D2E0098305F /* LaunchScreen.storyboard */; };
		6F271AB421343D2E0098305F /* main.m in Sources */ = {isa = PBXBuildFile; fileRef = 6F271AB321343D2E0098305F /* main.m */; };
		6F271ABD21343E4E0098305F /* LoginViewController.m in Sources */ = {isa = PBXBuildFile; fileRef = 6F271ABC21343E4E0098305F /* LoginViewController.m */; };
		6F880544214C337C00221FA1 /* StartUpViewController.m in Sources */ = {isa = PBXBuildFile; fileRef = 6F880543214C337C00221FA1 /* StartUpViewController.m */; };
		6F880547214C48BD00221FA1 /* GoogleService-Info.plist in Resources */ = {isa = PBXBuildFile; fileRef = 6F880546214C48BD00221FA1 /* GoogleService-Info.plist */; };
		6F88054B214C4AD100221FA1 /* SignUpViewController.m in Sources */ = {isa = PBXBuildFile; fileRef = 6F88054A214C4AD100221FA1 /* SignUpViewController.m */; };
		9E9309410468143E65BB510C /* libPods-Equify.a in Frameworks */ = {isa = PBXBuildFile; fileRef = 4EDE3712D0C9F7663DC0A90C /* libPods-Equify.a */; };
/* End PBXBuildFile section */

/* Begin PBXFileReference section */
		1613AB2CB5D12BAB3AD45A5A /* Pods-Equify.debug.xcconfig */ = {isa = PBXFileReference; includeInIndex = 1; lastKnownFileType = text.xcconfig; name = "Pods-Equify.debug.xcconfig"; path = "Pods/Target Support Files/Pods-Equify/Pods-Equify.debug.xcconfig"; sourceTree = "<group>"; };
		4EDE3712D0C9F7663DC0A90C /* libPods-Equify.a */ = {isa = PBXFileReference; explicitFileType = archive.ar; includeInIndex = 0; path = "libPods-Equify.a"; sourceTree = BUILT_PRODUCTS_DIR; };
		6F271A9E21343D2E0098305F /* Equify.app */ = {isa = PBXFileReference; explicitFileType = wrapper.application; includeInIndex = 0; path = Equify.app; sourceTree = BUILT_PRODUCTS_DIR; };
		6F271AA121343D2E0098305F /* AppDelegate.h */ = {isa = PBXFileReference; lastKnownFileType = sourcecode.c.h; path = AppDelegate.h; sourceTree = "<group>"; };
		6F271AA221343D2E0098305F /* AppDelegate.m */ = {isa = PBXFileReference; lastKnownFileType = sourcecode.c.objc; path = AppDelegate.m; sourceTree = "<group>"; };
		6F271AA421343D2E0098305F /* FirstViewController.h */ = {isa = PBXFileReference; lastKnownFileType = sourcecode.c.h; path = FirstViewController.h; sourceTree = "<group>"; };
		6F271AA521343D2E0098305F /* FirstViewController.m */ = {isa = PBXFileReference; lastKnownFileType = sourcecode.c.objc; path = FirstViewController.m; sourceTree = "<group>"; };
		6F271AA721343D2E0098305F /* SecondViewController.h */ = {isa = PBXFileReference; lastKnownFileType = sourcecode.c.h; path = SecondViewController.h; sourceTree = "<group>"; };
		6F271AA821343D2E0098305F /* SecondViewController.m */ = {isa = PBXFileReference; lastKnownFileType = sourcecode.c.objc; path = SecondViewController.m; sourceTree = "<group>"; };
		6F271AAB21343D2E0098305F /* Base */ = {isa = PBXFileReference; lastKnownFileType = file.storyboard; name = Base; path = Base.lproj/Main.storyboard; sourceTree = "<group>"; };
		6F271AAD21343D2E0098305F /* Assets.xcassets */ = {isa = PBXFileReference; lastKnownFileType = folder.assetcatalog; path = Assets.xcassets; sourceTree = "<group>"; };
		6F271AB021343D2E0098305F /* Base */ = {isa = PBXFileReference; lastKnownFileType = file.storyboard; name = Base; path = Base.lproj/LaunchScreen.storyboard; sourceTree = "<group>"; };
		6F271AB221343D2E0098305F /* Info.plist */ = {isa = PBXFileReference; lastKnownFileType = text.plist.xml; path = Info.plist; sourceTree = "<group>"; };
		6F271AB321343D2E0098305F /* main.m */ = {isa = PBXFileReference; lastKnownFileType = sourcecode.c.objc; path = main.m; sourceTree = "<group>"; };
		6F271ABC21343E4E0098305F /* LoginViewController.m */ = {isa = PBXFileReference; lastKnownFileType = sourcecode.c.objc; path = LoginViewController.m; sourceTree = "<group>"; };
		6F271ABE21343E5F0098305F /* LoginViewController.h */ = {isa = PBXFileReference; lastKnownFileType = sourcecode.c.h; path = LoginViewController.h; sourceTree = "<group>"; };
		6F880543214C337C00221FA1 /* StartUpViewController.m */ = {isa = PBXFileReference; lastKnownFileType = sourcecode.c.objc; path = StartUpViewController.m; sourceTree = "<group>"; };
		6F880545214C338800221FA1 /* StartUpViewController.h */ = {isa = PBXFileReference; lastKnownFileType = sourcecode.c.h; path = StartUpViewController.h; sourceTree = "<group>"; };
		6F880546214C48BD00221FA1 /* GoogleService-Info.plist */ = {isa = PBXFileReference; fileEncoding = 4; lastKnownFileType = text.plist.xml; path = "GoogleService-Info.plist"; sourceTree = "<group>"; };
		6F88054A214C4AD100221FA1 /* SignUpViewController.m */ = {isa = PBXFileReference; lastKnownFileType = sourcecode.c.objc; path = SignUpViewController.m; sourceTree = "<group>"; };
		6F88054C214C4AE100221FA1 /* SignUpViewController.h */ = {isa = PBXFileReference; lastKnownFileType = sourcecode.c.h; path = SignUpViewController.h; sourceTree = "<group>"; };
		9327ACF1A8F70275453BC4E3 /* Pods-Equify.release.xcconfig */ = {isa = PBXFileReference; includeInIndex = 1; lastKnownFileType = text.xcconfig; name = "Pods-Equify.release.xcconfig"; path = "Pods/Target Support Files/Pods-Equify/Pods-Equify.release.xcconfig"; sourceTree = "<group>"; };
/* End PBXFileReference section */

/* Begin PBXFrameworksBuildPhase section */
		6F271A9B21343D2E0098305F /* Frameworks */ = {
			isa = PBXFrameworksBuildPhase;
			buildActionMask = 2147483647;
			files = (
				9E9309410468143E65BB510C /* libPods-Equify.a in Frameworks */,
			);
			runOnlyForDeploymentPostprocessing = 0;
		};
/* End PBXFrameworksBuildPhase section */

/* Begin PBXGroup section */
		3B85F90E89F0AA6289FEF0CE /* Frameworks */ = {
			isa = PBXGroup;
			children = (
				4EDE3712D0C9F7663DC0A90C /* libPods-Equify.a */,
			);
			name = Frameworks;
			sourceTree = "<group>";
		};
		509F52A810FFC017576D924C /* Pods */ = {
			isa = PBXGroup;
			children = (
				1613AB2CB5D12BAB3AD45A5A /* Pods-Equify.debug.xcconfig */,
				9327ACF1A8F70275453BC4E3 /* Pods-Equify.release.xcconfig */,
			);
			name = Pods;
			sourceTree = "<group>";
		};
		6F271A9521343D2E0098305F = {
			isa = PBXGroup;
			children = (
				6F271AA021343D2E0098305F /* Equify */,
				6F271A9F21343D2E0098305F /* Products */,
				509F52A810FFC017576D924C /* Pods */,
				3B85F90E89F0AA6289FEF0CE /* Frameworks */,
			);
			sourceTree = "<group>";
		};
		6F271A9F21343D2E0098305F /* Products */ = {
			isa = PBXGroup;
			children = (
				6F271A9E21343D2E0098305F /* Equify.app */,
			);
			name = Products;
			sourceTree = "<group>";
		};
		6F271AA021343D2E0098305F /* Equify */ = {
			isa = PBXGroup;
			children = (
				6F271AA121343D2E0098305F /* AppDelegate.h */,
				6F271AA221343D2E0098305F /* AppDelegate.m */,
				6F271AA421343D2E0098305F /* FirstViewController.h */,
				6F271AA521343D2E0098305F /* FirstViewController.m */,
				6F271AA721343D2E0098305F /* SecondViewController.h */,
				6F271AA821343D2E0098305F /* SecondViewController.m */,
				6F271AAA21343D2E0098305F /* Main.storyboard */,
				6F271AAD21343D2E0098305F /* Assets.xcassets */,
				6F271AAF21343D2E0098305F /* LaunchScreen.storyboard */,
				6F271AB221343D2E0098305F /* Info.plist */,
				6F271AB321343D2E0098305F /* main.m */,
				6F271ABC21343E4E0098305F /* LoginViewController.m */,
				6F271ABE21343E5F0098305F /* LoginViewController.h */,
				6F880546214C48BD00221FA1 /* GoogleService-Info.plist */,
				6F880543214C337C00221FA1 /* StartUpViewController.m */,
				6F880545214C338800221FA1 /* StartUpViewController.h */,
				6F88054A214C4AD100221FA1 /* SignUpViewController.m */,
				6F88054C214C4AE100221FA1 /* SignUpViewController.h */,
			);
			path = Equify;
			sourceTree = "<group>";
		};
/* End PBXGroup section */

/* Begin PBXNativeTarget section */
		6F271A9D21343D2E0098305F /* Equify */ = {
			isa = PBXNativeTarget;
			buildConfigurationList = 6F271AB721343D2E0098305F /* Build configuration list for PBXNativeTarget "Equify" */;
			buildPhases = (
				C0CF4F73DB02775064E07FF6 /* [CP] Check Pods Manifest.lock */,
				6F271A9A21343D2E0098305F /* Sources */,
				6F271A9B21343D2E0098305F /* Frameworks */,
				6F271A9C21343D2E0098305F /* Resources */,
				4F1820753D121C94ECDF6E72 /* [CP] Embed Pods Frameworks */,
				22287B31DDEAC8F6555F0EFA /* [CP] Copy Pods Resources */,
			);
			buildRules = (
			);
			dependencies = (
			);
			name = Equify;
			productName = Equify;
			productReference = 6F271A9E21343D2E0098305F /* Equify.app */;
			productType = "com.apple.product-type.application";
		};
/* End PBXNativeTarget section */

/* Begin PBXProject section */
		6F271A9621343D2E0098305F /* Project object */ = {
			isa = PBXProject;
			attributes = {
				LastUpgradeCheck = 0920;
				ORGANIZATIONNAME = "Div Bhasin";
				TargetAttributes = {
					6F271A9D21343D2E0098305F = {
						CreatedOnToolsVersion = 9.2;
						ProvisioningStyle = Automatic;
					};
				};
			};
			buildConfigurationList = 6F271A9921343D2E0098305F /* Build configuration list for PBXProject "Equify" */;
			compatibilityVersion = "Xcode 8.0";
			developmentRegion = en;
			hasScannedForEncodings = 0;
			knownRegions = (
				en,
				Base,
			);
			mainGroup = 6F271A9521343D2E0098305F;
			productRefGroup = 6F271A9F21343D2E0098305F /* Products */;
			projectDirPath = "";
			projectRoot = "";
			targets = (
				6F271A9D21343D2E0098305F /* Equify */,
			);
		};
/* End PBXProject section */

/* Begin PBXResourcesBuildPhase section */
		6F271A9C21343D2E0098305F /* Resources */ = {
			isa = PBXResourcesBuildPhase;
			buildActionMask = 2147483647;
			files = (
				6F271AB121343D2E0098305F /* LaunchScreen.storyboard in Resources */,
				6F271AAE21343D2E0098305F /* Assets.xcassets in Resources */,
				6F880547214C48BD00221FA1 /* GoogleService-Info.plist in Resources */,
				6F271AAC21343D2E0098305F /* Main.storyboard in Resources */,
			);
			runOnlyForDeploymentPostprocessing = 0;
		};
/* End PBXResourcesBuildPhase section */

/* Begin PBXShellScriptBuildPhase section */
		22287B31DDEAC8F6555F0EFA /* [CP] Copy Pods Resources */ = {
			isa = PBXShellScriptBuildPhase;
			buildActionMask = 2147483647;
			files = (
			);
			inputPaths = (
			);
			name = "[CP] Copy Pods Resources";
			outputPaths = (
			);
			runOnlyForDeploymentPostprocessing = 0;
			shellPath = /bin/sh;
			shellScript = "\"${SRCROOT}/Pods/Target Support Files/Pods-Equify/Pods-Equify-resources.sh\"\n";
			showEnvVarsInLog = 0;
		};
		4F1820753D121C94ECDF6E72 /* [CP] Embed Pods Frameworks */ = {
			isa = PBXShellScriptBuildPhase;
			buildActionMask = 2147483647;
			files = (
			);
			inputPaths = (
			);
			name = "[CP] Embed Pods Frameworks";
			outputPaths = (
			);
			runOnlyForDeploymentPostprocessing = 0;
			shellPath = /bin/sh;
			shellScript = "\"${SRCROOT}/Pods/Target Support Files/Pods-Equify/Pods-Equify-frameworks.sh\"\n";
			showEnvVarsInLog = 0;
		};
		C0CF4F73DB02775064E07FF6 /* [CP] Check Pods Manifest.lock */ = {
			isa = PBXShellScriptBuildPhase;
			buildActionMask = 2147483647;
			files = (
			);
			inputPaths = (
				"${PODS_PODFILE_DIR_PATH}/Podfile.lock",
				"${PODS_ROOT}/Manifest.lock",
			);
			name = "[CP] Check Pods Manifest.lock";
			outputPaths = (
				"$(DERIVED_FILE_DIR)/Pods-Equify-checkManifestLockResult.txt",
			);
			runOnlyForDeploymentPostprocessing = 0;
			shellPath = /bin/sh;
			shellScript = "diff \"${PODS_PODFILE_DIR_PATH}/Podfile.lock\" \"${PODS_ROOT}/Manifest.lock\" > /dev/null\nif [ $? != 0 ] ; then\n    # print error to STDERR\n    echo \"error: The sandbox is not in sync with the Podfile.lock. Run 'pod install' or update your CocoaPods installation.\" >&2\n    exit 1\nfi\n# This output is used by Xcode 'outputs' to avoid re-running this script phase.\necho \"SUCCESS\" > \"${SCRIPT_OUTPUT_FILE_0}\"\n";
			showEnvVarsInLog = 0;
		};
/* End PBXShellScriptBuildPhase section */

/* Begin PBXSourcesBuildPhase section */
		6F271A9A21343D2E0098305F /* Sources */ = {
			isa = PBXSourcesBuildPhase;
			buildActionMask = 2147483647;
			files = (
				6F271AA921343D2E0098305F /* SecondViewController.m in Sources */,
				6F271AA321343D2E0098305F /* AppDelegate.m in Sources */,
				6F880544214C337C00221FA1 /* StartUpViewController.m in Sources */,
				6F271AB421343D2E0098305F /* main.m in Sources */,
				6F271AA621343D2E0098305F /* FirstViewController.m in Sources */,
				6F88054B214C4AD100221FA1 /* SignUpViewController.m in Sources */,
				6F271ABD21343E4E0098305F /* LoginViewController.m in Sources */,
			);
			runOnlyForDeploymentPostprocessing = 0;
		};
/* End PBXSourcesBuildPhase section */

/* Begin PBXVariantGroup section */
		6F271AAA21343D2E0098305F /* Main.storyboard */ = {
			isa = PBXVariantGroup;
			children = (
				6F271AAB21343D2E0098305F /* Base */,
			);
			name = Main.storyboard;
			sourceTree = "<group>";
		};
		6F271AAF21343D2E0098305F /* LaunchScreen.storyboard */ = {
			isa = PBXVariantGroup;
			children = (
				6F271AB021343D2E0098305F /* Base */,
			);
			name = LaunchScreen.storyboard;
			sourceTree = "<group>";
		};
/* End PBXVariantGroup section */

/* Begin XCBuildConfiguration section */
		6F271AB521343D2E0098305F /* Debug */ = {
			isa = XCBuildConfiguration;
			buildSettings = {
				ALWAYS_SEARCH_USER_PATHS = NO;
				CLANG_ANALYZER_NONNULL = YES;
				CLANG_ANALYZER_NUMBER_OBJECT_CONVERSION = YES_AGGRESSIVE;
				CLANG_CXX_LANGUAGE_STANDARD = "gnu++14";
				CLANG_CXX_LIBRARY = "libc++";
				CLANG_ENABLE_MODULES = YES;
				CLANG_ENABLE_OBJC_ARC = YES;
				CLANG_WARN_BLOCK_CAPTURE_AUTORELEASING = YES;
				CLANG_WARN_BOOL_CONVERSION = YES;
				CLANG_WARN_COMMA = YES;
				CLANG_WARN_CONSTANT_CONVERSION = YES;
				CLANG_WARN_DIRECT_OBJC_ISA_USAGE = YES_ERROR;
				CLANG_WARN_DOCUMENTATION_COMMENTS = YES;
				CLANG_WARN_EMPTY_BODY = YES;
				CLANG_WARN_ENUM_CONVERSION = YES;
				CLANG_WARN_INFINITE_RECURSION = YES;
				CLANG_WARN_INT_CONVERSION = YES;
				CLANG_WARN_NON_LITERAL_NULL_CONVERSION = YES;
				CLANG_WARN_OBJC_LITERAL_CONVERSION = YES;
				CLANG_WARN_OBJC_ROOT_CLASS = YES_ERROR;
				CLANG_WARN_RANGE_LOOP_ANALYSIS = YES;
				CLANG_WARN_STRICT_PROTOTYPES = YES;
				CLANG_WARN_SUSPICIOUS_MOVE = YES;
				CLANG_WARN_UNGUARDED_AVAILABILITY = YES_AGGRESSIVE;
				CLANG_WARN_UNREACHABLE_CODE = YES;
				CLANG_WARN__DUPLICATE_METHOD_MATCH = YES;
				CODE_SIGN_IDENTITY = "iPhone Developer";
				COPY_PHASE_STRIP = NO;
				DEBUG_INFORMATION_FORMAT = dwarf;
				ENABLE_STRICT_OBJC_MSGSEND = YES;
				ENABLE_TESTABILITY = YES;
				GCC_C_LANGUAGE_STANDARD = gnu11;
				GCC_DYNAMIC_NO_PIC = NO;
				GCC_NO_COMMON_BLOCKS = YES;
				GCC_OPTIMIZATION_LEVEL = 0;
				GCC_PREPROCESSOR_DEFINITIONS = (
					"DEBUG=1",
					"$(inherited)",
				);
				GCC_WARN_64_TO_32_BIT_CONVERSION = YES;
				GCC_WARN_ABOUT_RETURN_TYPE = YES_ERROR;
				GCC_WARN_UNDECLARED_SELECTOR = YES;
				GCC_WARN_UNINITIALIZED_AUTOS = YES_AGGRESSIVE;
				GCC_WARN_UNUSED_FUNCTION = YES;
				GCC_WARN_UNUSED_VARIABLE = YES;
				IPHONEOS_DEPLOYMENT_TARGET = 11.2;
				MTL_ENABLE_DEBUG_INFO = YES;
				ONLY_ACTIVE_ARCH = YES;
				SDKROOT = iphoneos;
			};
			name = Debug;
		};
		6F271AB621343D2E0098305F /* Release */ = {
			isa = XCBuildConfiguration;
			buildSettings = {
				ALWAYS_SEARCH_USER_PATHS = NO;
				CLANG_ANALYZER_NONNULL = YES;
				CLANG_ANALYZER_NUMBER_OBJECT_CONVERSION = YES_AGGRESSIVE;
				CLANG_CXX_LANGUAGE_STANDARD = "gnu++14";
				CLANG_CXX_LIBRARY = "libc++";
				CLANG_ENABLE_MODULES = YES;
				CLANG_ENABLE_OBJC_ARC = YES;
				CLANG_WARN_BLOCK_CAPTURE_AUTORELEASING = YES;
				CLANG_WARN_BOOL_CONVERSION = YES;
				CLANG_WARN_COMMA = YES;
				CLANG_WARN_CONSTANT_CONVERSION = YES;
				CLANG_WARN_DIRECT_OBJC_ISA_USAGE = YES_ERROR;
				CLANG_WARN_DOCUMENTATION_COMMENTS = YES;
				CLANG_WARN_EMPTY_BODY = YES;
				CLANG_WARN_ENUM_CONVERSION = YES;
				CLANG_WARN_INFINITE_RECURSION = YES;
				CLANG_WARN_INT_CONVERSION = YES;
				CLANG_WARN_NON_LITERAL_NULL_CONVERSION = YES;
				CLANG_WARN_OBJC_LITERAL_CONVERSION = YES;
				CLANG_WARN_OBJC_ROOT_CLASS = YES_ERROR;
				CLANG_WARN_RANGE_LOOP_ANALYSIS = YES;
				CLANG_WARN_STRICT_PROTOTYPES = YES;
				CLANG_WARN_SUSPICIOUS_MOVE = YES;
				CLANG_WARN_UNGUARDED_AVAILABILITY = YES_AGGRESSIVE;
				CLANG_WARN_UNREACHABLE_CODE = YES;
				CLANG_WARN__DUPLICATE_METHOD_MATCH = YES;
				CODE_SIGN_IDENTITY = "iPhone Developer";
				COPY_PHASE_STRIP = NO;
				DEBUG_INFORMATION_FORMAT = "dwarf-with-dsym";
				ENABLE_NS_ASSERTIONS = NO;
				ENABLE_STRICT_OBJC_MSGSEND = YES;
				GCC_C_LANGUAGE_STANDARD = gnu11;
				GCC_NO_COMMON_BLOCKS = YES;
				GCC_WARN_64_TO_32_BIT_CONVERSION = YES;
				GCC_WARN_ABOUT_RETURN_TYPE = YES_ERROR;
				GCC_WARN_UNDECLARED_SELECTOR = YES;
				GCC_WARN_UNINITIALIZED_AUTOS = YES_AGGRESSIVE;
				GCC_WARN_UNUSED_FUNCTION = YES;
				GCC_WARN_UNUSED_VARIABLE = YES;
				IPHONEOS_DEPLOYMENT_TARGET = 11.2;
				MTL_ENABLE_DEBUG_INFO = NO;
				SDKROOT = iphoneos;
				VALIDATE_PRODUCT = YES;
			};
			name = Release;
		};
		6F271AB821343D2E0098305F /* Debug */ = {
			isa = XCBuildConfiguration;
			baseConfigurationReference = 1613AB2CB5D12BAB3AD45A5A /* Pods-Equify.debug.xcconfig */;
			buildSettings = {
				ASSETCATALOG_COMPILER_APPICON_NAME = AppIcon;
				CODE_SIGN_STYLE = Automatic;
				INFOPLIST_FILE = Equify/Info.plist;
				LD_RUNPATH_SEARCH_PATHS = "$(inherited) @executable_path/Frameworks";
				PRODUCT_BUNDLE_IDENTIFIER = com.learniOS.Equify;
				PRODUCT_NAME = "$(TARGET_NAME)";
				TARGETED_DEVICE_FAMILY = "1,2";
			};
			name = Debug;
		};
		6F271AB921343D2E0098305F /* Release */ = {
			isa = XCBuildConfiguration;
			baseConfigurationReference = 9327ACF1A8F70275453BC4E3 /* Pods-Equify.release.xcconfig */;
			buildSettings = {
				ASSETCATALOG_COMPILER_APPICON_NAME = AppIcon;
				CODE_SIGN_STYLE = Automatic;
				INFOPLIST_FILE = Equify/Info.plist;
				LD_RUNPATH_SEARCH_PATHS = "$(inherited) @executable_path/Frameworks";
				PRODUCT_BUNDLE_IDENTIFIER = com.learniOS.Equify;
				PRODUCT_NAME = "$(TARGET_NAME)";
				TARGETED_DEVICE_FAMILY = "1,2";
			};
			name = Release;
		};
/* End XCBuildConfiguration section */

/* Begin XCConfigurationList section */
		6F271A9921343D2E0098305F /* Build configuration list for PBXProject "Equify" */ = {
			isa = XCConfigurationList;
			buildConfigurations = (
				6F271AB521343D2E0098305F /* Debug */,
				6F271AB621343D2E0098305F /* Release */,
			);
			defaultConfigurationIsVisible = 0;
			defaultConfigurationName = Release;
		};
		6F271AB721343D2E0098305F /* Build configuration list for PBXNativeTarget "Equify" */ = {
			isa = XCConfigurationList;
			buildConfigurations = (
				6F271AB821343D2E0098305F /* Debug */,
				6F271AB921343D2E0098305F /* Release */,
			);
			defaultConfigurationIsVisible = 0;
			defaultConfigurationName = Release;
		};
/* End XCConfigurationList section */
	};
	rootObject = 6F271A9621343D2E0098305F /* Project object */;
}
